{
  "name": "@rsvim/ex.rsvim",
  "version": "0.1.0",
  "lockfileVersion": 3,
  "requires": true,
  "packages": {
    "": {
      "name": "@rsvim/ex.rsvim",
      "version": "0.1.0",
      "license": "Vim",
      "devDependencies": {
        "@rsvim/types": "^0.1.2",
        "typescript": "^5.9.3"
      }
    },
    "node_modules/@rsvim/types": {
      "version": "0.1.2",
      "resolved": "https://registry.npmjs.org/@rsvim/types/-/types-0.1.2.tgz",
      "integrity": "sha512-+9dYBYGFaA5DMSVuTHyUT5m6AK68BRcdW6x4rbY5dOpH25JLt2JC2VT32fbOwltGgNquqQEQ0iNc+Rz3Jx7THw==",
      "dev": true,
      "license": "Vim"
    },
    "node_modules/typescript": {
      "version": "5.9.3",
      "resolved": "https://registry.npmjs.org/typescript/-/typescript-5.9.3.tgz",
      "integrity": "sha512-jl1vZzPDinLr9eUt3J/t7V6FgNEw9QjvBPdysz9KfQDD41fQrC2Y4vKQdiaUpFT4bXlb1RHhLpp8wtm6M5TgSw==",
      "dev": true,
      "license": "Apache-2.0",
      "bin": {
        "tsc": "bin/tsc",
        "tsserver": "bin/tsserver"
      },
      "engines": {
        "node": ">=14.17"
      }
    }
  }
}
